
Microsoft Visual Studio Solution File, Format Version 12.00
# Visual Studio 15
VisualStudioVersion = 15.0.28307.645
MinimumVisualStudioVersion = 10.0.40219.1
Project("{FAE04EC0-301F-11D3-BF4B-00C04F79EFBC}") = "UmbracoQuiz.Core", "UmbracoQuiz.Core\UmbracoQuiz.Core.csproj", "{C3BA5BE6-4F33-4974-9D48-5E941531B34F}"
EndProject
Project("{FAE04EC0-301F-11D3-BF4B-00C04F79EFBC}") = "UmbracoQuiz.Web", "UmbracoQuiz.Web\UmbracoQuiz.Web.csproj", "{22A6F633-8AFA-416C-B8FE-F56EA51AF24E}"
EndProject
Global
	GlobalSection(SolutionConfigurationPlatforms) = preSolution
		Debug|Any CPU = Debug|Any CPU
		Release|Any CPU = Release|Any CPU
	EndGlobalSection
	GlobalSection(ProjectConfigurationPlatforms) = postSolution
		{C3BA5BE6-4F33-4974-9D48-5E941531B34F}.Debug|Any CPU.ActiveCfg = Debug|Any CPU
		{C3BA5BE6-4F33-4974-9D48-5E941531B34F}.Debug|Any CPU.Build.0 = Debug|Any CPU
		{C3BA5BE6-4F33-4974-9D48-5E941531B34F}.Release|Any CPU.ActiveCfg = Release|Any CPU
		{C3BA5BE6-4F33-4974-9D48-5E941531B34F}.Release|Any CPU.Build.0 = Release|Any CPU
		{22A6F633-8AFA-416C-B8FE-F56EA51AF24E}.Debug|Any CPU.ActiveCfg = Debug|Any CPU
		{22A6F633-8AFA-416C-B8FE-F56EA51AF24E}.Debug|Any CPU.Build.0 = Debug|Any CPU
		{22A6F633-8AFA-416C-B8FE-F56EA51AF24E}.Release|Any CPU.ActiveCfg = Release|Any CPU
		{22A6F633-8AFA-416C-B8FE-F56EA51AF24E}.Release|Any CPU.Build.0 = Release|Any CPU
	EndGlobalSection
	GlobalSection(SolutionProperties) = preSolution
		HideSolutionNode = FALSE
	EndGlobalSection
	GlobalSection(ExtensibilityGlobals) = postSolution
		SolutionGuid = {648971F6-CEF4-4D93-B79E-97A5A568E68A}
	EndGlobalSection
EndGlobal
